
Microsoft Visual Studio Solution File, Format Version 12.00
# Visual Studio 15
VisualStudioVersion = 15.0.28307.539
MinimumVisualStudioVersion = 10.0.40219.1
Project("{8BC9CEB8-8B4A-11D0-8D11-00A0C91BC942}") = "KeyboardFilter", "KeyboardFilter\KeyboardFilter.vcxproj", "{5467B02B-7354-40E7-83D6-3C8CF491CCC9}"
EndProject
Project("{8BC9CEB8-8B4A-11D0-8D11-00A0C91BC942}") = "CS_KZ", "..\CS_KZ\CS_KZ\CS_KZ.vcxproj", "{28298213-CFB9-48C3-AD2C-36D8ED85AFD5}"
EndProject
Global
	GlobalSection(SolutionConfigurationPlatforms) = preSolution
		Debug|ARM = Debug|ARM
		Debug|ARM64 = Debug|ARM64
		Debug|x64 = Debug|x64
		Debug|x86 = Debug|x86
		Release|ARM = Release|ARM
		Release|ARM64 = Release|ARM64
		Release|x64 = Release|x64
		Release|x86 = Release|x86
	EndGlobalSection
	GlobalSection(ProjectConfigurationPlatforms) = postSolution
		{5467B02B-7354-40E7-83D6-3C8CF491CCC9}.Debug|ARM.ActiveCfg = Debug|ARM
		{5467B02B-7354-40E7-83D6-3C8CF491CCC9}.Debug|ARM.Build.0 = Debug|ARM
		{5467B02B-7354-40E7-83D6-3C8CF491CCC9}.Debug|ARM.Deploy.0 = Debug|ARM
		{5467B02B-7354-40E7-83D6-3C8CF491CCC9}.Debug|ARM64.ActiveCfg = Debug|ARM64
		{5467B02B-7354-40E7-83D6-3C8CF491CCC9}.Debug|ARM64.Build.0 = Debug|ARM64
		{5467B02B-7354-40E7-83D6-3C8CF491CCC9}.Debug|ARM64.Deploy.0 = Debug|ARM64
		{5467B02B-7354-40E7-83D6-3C8CF491CCC9}.Debug|x64.ActiveCfg = Debug|x64
		{5467B02B-7354-40E7-83D6-3C8CF491CCC9}.Debug|x64.Build.0 = Debug|x64
		{5467B02B-7354-40E7-83D6-3C8CF491CCC9}.Debug|x64.Deploy.0 = Debug|x64
		{5467B02B-7354-40E7-83D6-3C8CF491CCC9}.Debug|x86.ActiveCfg = Debug|Win32
		{5467B02B-7354-40E7-83D6-3C8CF491CCC9}.Debug|x86.Build.0 = Debug|Win32
		{5467B02B-7354-40E7-83D6-3C8CF491CCC9}.Debug|x86.Deploy.0 = Debug|Win32
		{5467B02B-7354-40E7-83D6-3C8CF491CCC9}.Release|ARM.ActiveCfg = Release|ARM
		{5467B02B-7354-40E7-83D6-3C8CF491CCC9}.Release|ARM.Build.0 = Release|ARM
		{5467B02B-7354-40E7-83D6-3C8CF491CCC9}.Release|ARM.Deploy.0 = Release|ARM
		{5467B02B-7354-40E7-83D6-3C8CF491CCC9}.Release|ARM64.ActiveCfg = Release|ARM64
		{5467B02B-7354-40E7-83D6-3C8CF491CCC9}.Release|ARM64.Build.0 = Release|ARM64
		{5467B02B-7354-40E7-83D6-3C8CF491CCC9}.Release|ARM64.Deploy.0 = Release|ARM64
		{5467B02B-7354-40E7-83D6-3C8CF491CCC9}.Release|x64.ActiveCfg = Release|x64
		{5467B02B-7354-40E7-83D6-3C8CF491CCC9}.Release|x64.Build.0 = Release|x64
		{5467B02B-7354-40E7-83D6-3C8CF491CCC9}.Release|x64.Deploy.0 = Release|x64
		{5467B02B-7354-40E7-83D6-3C8CF491CCC9}.Release|x86.ActiveCfg = Release|Win32
		{5467B02B-7354-40E7-83D6-3C8CF491CCC9}.Release|x86.Build.0 = Release|Win32
		{5467B02B-7354-40E7-83D6-3C8CF491CCC9}.Release|x86.Deploy.0 = Release|Win32
		{28298213-CFB9-48C3-AD2C-36D8ED85AFD5}.Debug|ARM.ActiveCfg = Debug|Win32
		{28298213-CFB9-48C3-AD2C-36D8ED85AFD5}.Debug|ARM64.ActiveCfg = Debug|Win32
		{28298213-CFB9-48C3-AD2C-36D8ED85AFD5}.Debug|x64.ActiveCfg = Debug|x64
		{28298213-CFB9-48C3-AD2C-36D8ED85AFD5}.Debug|x64.Build.0 = Debug|x64
		{28298213-CFB9-48C3-AD2C-36D8ED85AFD5}.Debug|x86.ActiveCfg = Debug|Win32
		{28298213-CFB9-48C3-AD2C-36D8ED85AFD5}.Debug|x86.Build.0 = Debug|Win32
		{28298213-CFB9-48C3-AD2C-36D8ED85AFD5}.Release|ARM.ActiveCfg = Release|Win32
		{28298213-CFB9-48C3-AD2C-36D8ED85AFD5}.Release|ARM64.ActiveCfg = Release|Win32
		{28298213-CFB9-48C3-AD2C-36D8ED85AFD5}.Release|x64.ActiveCfg = Release|x64
		{28298213-CFB9-48C3-AD2C-36D8ED85AFD5}.Release|x64.Build.0 = Release|x64
		{28298213-CFB9-48C3-AD2C-36D8ED85AFD5}.Release|x86.ActiveCfg = Release|Win32
		{28298213-CFB9-48C3-AD2C-36D8ED85AFD5}.Release|x86.Build.0 = Release|Win32
	EndGlobalSection
	GlobalSection(SolutionProperties) = preSolution
		HideSolutionNode = FALSE
	EndGlobalSection
	GlobalSection(ExtensibilityGlobals) = postSolution
		SolutionGuid = {089DAB8C-1A2D-47CF-9682-6B2990EFBC55}
	EndGlobalSection
EndGlobal
